
Microsoft Visual Studio Solution File, Format Version 12.00
# Visual Studio Version 17
VisualStudioVersion = 17.0.32014.148
MinimumVisualStudioVersion = 10.0.40219.1
Project("{FAE04EC0-301F-11D3-BF4B-00C04F79EFBC}") = "ListaDeExercicios", "ListaDeExercicios\ListaDeExercicios.csproj", "{DA8097DF-5C98-4ABA-8923-676F41A9E295}"
EndProject
Global
	GlobalSection(SolutionConfigurationPlatforms) = preSolution
		Debug|Any CPU = Debug|Any CPU
		Release|Any CPU = Release|Any CPU
	EndGlobalSection
	GlobalSection(ProjectConfigurationPlatforms) = postSolution
		{DA8097DF-5C98-4ABA-8923-676F41A9E295}.Debug|Any CPU.ActiveCfg = Debug|Any CPU
		{DA8097DF-5C98-4ABA-8923-676F41A9E295}.Debug|Any CPU.Build.0 = Debug|Any CPU
		{DA8097DF-5C98-4ABA-8923-676F41A9E295}.Release|Any CPU.ActiveCfg = Release|Any CPU
		{DA8097DF-5C98-4ABA-8923-676F41A9E295}.Release|Any CPU.Build.0 = Release|Any CPU
	EndGlobalSection
	GlobalSection(SolutionProperties) = preSolution
		HideSolutionNode = FALSE
	EndGlobalSection
	GlobalSection(ExtensibilityGlobals) = postSolution
		SolutionGuid = {D89D50DC-04B5-4825-9351-F52F0A743887}
	EndGlobalSection
EndGlobal
